
Microsoft Visual Studio Solution File, Format Version 12.00
# Visual Studio Version 17
VisualStudioVersion = 17.6.33829.357
MinimumVisualStudioVersion = 10.0.40219.1
Project("{FAE04EC0-301F-11D3-BF4B-00C04F79EFBC}") = "screenRec_winForms1", "screenRec_winForms1\screenRec_winForms1.csproj", "{B1EC5840-C483-486C-B340-BF75BED9BBB4}"
EndProject
Global
	GlobalSection(SolutionConfigurationPlatforms) = preSolution
		Debug|Any CPU = Debug|Any CPU
		Release|Any CPU = Release|Any CPU
	EndGlobalSection
	GlobalSection(ProjectConfigurationPlatforms) = postSolution
		{B1EC5840-C483-486C-B340-BF75BED9BBB4}.Debug|Any CPU.ActiveCfg = Debug|Any CPU
		{B1EC5840-C483-486C-B340-BF75BED9BBB4}.Debug|Any CPU.Build.0 = Debug|Any CPU
		{B1EC5840-C483-486C-B340-BF75BED9BBB4}.Release|Any CPU.ActiveCfg = Release|Any CPU
		{B1EC5840-C483-486C-B340-BF75BED9BBB4}.Release|Any CPU.Build.0 = Release|Any CPU
	EndGlobalSection
	GlobalSection(SolutionProperties) = preSolution
		HideSolutionNode = FALSE
	EndGlobalSection
	GlobalSection(ExtensibilityGlobals) = postSolution
		SolutionGuid = {8B5CDB7B-8985-4D41-BE72-A618DC38A003}
	EndGlobalSection
EndGlobal
